
Microsoft Visual Studio Solution File, Format Version 12.00
# Visual Studio Version 17
VisualStudioVersion = 17.5.002.0
MinimumVisualStudioVersion = 10.0.40219.1
Project("{9A19103F-16F7-4668-BE54-9A1E7A4F7556}") = "DrillSergeant", "DrillSergeant.csproj", "{91B02F4E-897C-48C9-8A2C-62E7BC19BD86}"
EndProject
Global
	GlobalSection(SolutionConfigurationPlatforms) = preSolution
		Debug|Any CPU = Debug|Any CPU
		Release|Any CPU = Release|Any CPU
	EndGlobalSection
	GlobalSection(ProjectConfigurationPlatforms) = postSolution
		{91B02F4E-897C-48C9-8A2C-62E7BC19BD86}.Debug|Any CPU.ActiveCfg = Debug|Any CPU
		{91B02F4E-897C-48C9-8A2C-62E7BC19BD86}.Debug|Any CPU.Build.0 = Debug|Any CPU
		{91B02F4E-897C-48C9-8A2C-62E7BC19BD86}.Release|Any CPU.ActiveCfg = Release|Any CPU
		{91B02F4E-897C-48C9-8A2C-62E7BC19BD86}.Release|Any CPU.Build.0 = Release|Any CPU
	EndGlobalSection
	GlobalSection(SolutionProperties) = preSolution
		HideSolutionNode = FALSE
	EndGlobalSection
	GlobalSection(ExtensibilityGlobals) = postSolution
		SolutionGuid = {A888773B-2D90-43C0-8E15-90D413FB81A8}
	EndGlobalSection
EndGlobal
